{
  "name": "node-backend",
  "version": "0.1.0",
  "lockfileVersion": 2,
  "requires": true,
  "packages": {
    "": {
      "name": "node-backend",
      "version": "0.1.0",
      "license": "MIT",
      "dependencies": {
        "@yimura/import-dir": "^0.1.12"
      }
    },
    "node_modules/@yimura/import-dir": {
      "version": "0.1.12",
      "resolved": "https://registry.npmjs.org/@yimura/import-dir/-/import-dir-0.1.12.tgz",
      "integrity": "sha512-vax+5R2bF75jOHulMsC2WKbhEKCMbcCzpMQhjN69ADed6V83OmaqiDXOK3bqlZUeQNO1apJOtfSxN9WNIutvDQ=="
    }
  },
  "dependencies": {
    "@yimura/import-dir": {
      "version": "0.1.12",
      "resolved": "https://registry.npmjs.org/@yimura/import-dir/-/import-dir-0.1.12.tgz",
      "integrity": "sha512-vax+5R2bF75jOHulMsC2WKbhEKCMbcCzpMQhjN69ADed6V83OmaqiDXOK3bqlZUeQNO1apJOtfSxN9WNIutvDQ=="
    }
  }
}
